
Microsoft Visual Studio Solution File, Format Version 11.00
# Visual Studio 2010
Project("{FAE04EC0-301F-11D3-BF4B-00C04F79EFBC}") = "Assembly-CSharp", "Assembly-CSharp.csproj", "{71b6256e-e59b-b738-b111-4865d13f0edc}"
EndProject
Project("{FAE04EC0-301F-11D3-BF4B-00C04F79EFBC}") = "UnityEngine.TestRunner", "UnityEngine.TestRunner.csproj", "{54ba0ab2-711e-51a5-49ce-8f4347b624c4}"
EndProject
Project("{FAE04EC0-301F-11D3-BF4B-00C04F79EFBC}") = "UnityEngine.UI", "UnityEngine.UI.csproj", "{c175b25f-e68b-68ce-fa79-dfc369708c7b}"
EndProject
Project("{FAE04EC0-301F-11D3-BF4B-00C04F79EFBC}") = "Unity.TextMeshPro", "Unity.TextMeshPro.csproj", "{7d07b71b-5c18-a63f-9cfb-b5e6c3e2ccdd}"
EndProject
Project("{FAE04EC0-301F-11D3-BF4B-00C04F79EFBC}") = "Unity.2D.PixelPerfect", "Unity.2D.PixelPerfect.csproj", "{e8258814-5ba9-8da8-d300-56b9c54cd87d}"
EndProject
Project("{FAE04EC0-301F-11D3-BF4B-00C04F79EFBC}") = "UnityEditor.TestRunner", "UnityEditor.TestRunner.csproj", "{83a27dac-e2b2-0be9-3aaf-fe85ba5983e9}"
EndProject
Project("{FAE04EC0-301F-11D3-BF4B-00C04F79EFBC}") = "UnityEditor.UI", "UnityEditor.UI.csproj", "{9e363e04-9e1b-70b9-fc16-3a486c4459dc}"
EndProject
Project("{FAE04EC0-301F-11D3-BF4B-00C04F79EFBC}") = "Unity.VisualStudio.Editor", "Unity.VisualStudio.Editor.csproj", "{17121d03-701c-31bd-3dab-9119d7eba81e}"
EndProject
Project("{FAE04EC0-301F-11D3-BF4B-00C04F79EFBC}") = "Unity.TextMeshPro.Editor", "Unity.TextMeshPro.Editor.csproj", "{1a26be5b-5397-a904-bba5-eaab6648f7d4}"
EndProject
Project("{FAE04EC0-301F-11D3-BF4B-00C04F79EFBC}") = "Unity.VSCode.Editor", "Unity.VSCode.Editor.csproj", "{245f66ed-997f-e92f-94ce-da64c3cf399f}"
EndProject
Project("{FAE04EC0-301F-11D3-BF4B-00C04F79EFBC}") = "Unity.Rider.Editor", "Unity.Rider.Editor.csproj", "{0f4697e2-34ac-0edf-79d8-d483b5f6923d}"
EndProject
Project("{FAE04EC0-301F-11D3-BF4B-00C04F79EFBC}") = "Unity.2D.Sprite.Editor", "Unity.2D.Sprite.Editor.csproj", "{09fd2555-6246-eeff-24fe-e58dcfc13218}"
EndProject
Project("{FAE04EC0-301F-11D3-BF4B-00C04F79EFBC}") = "Unity.SysrootPackage.Editor", "Unity.SysrootPackage.Editor.csproj", "{6aa01599-26f8-d0a1-91f5-f903a12bb8a9}"
EndProject
Project("{FAE04EC0-301F-11D3-BF4B-00C04F79EFBC}") = "Unity.2D.PixelPerfect.Editor", "Unity.2D.PixelPerfect.Editor.csproj", "{b9c1a231-332b-5b87-46b2-5b23af4f6f91}"
EndProject
Project("{FAE04EC0-301F-11D3-BF4B-00C04F79EFBC}") = "Unity.Sysroot.Linux_x86_64", "Unity.Sysroot.Linux_x86_64.csproj", "{07e90c41-a787-dbcb-1f91-7c2b5aa7494d}"
EndProject
Project("{FAE04EC0-301F-11D3-BF4B-00C04F79EFBC}") = "Unity.Toolchain.Linux-x86_64", "Unity.Toolchain.Linux-x86_64.csproj", "{7284033d-480a-e2e9-0c75-d296da6fee20}"
EndProject
Global
	GlobalSection(SolutionConfigurationPlatforms) = preSolution
		Debug|Any CPU = Debug|Any CPU
	EndGlobalSection
	GlobalSection(ProjectConfigurationPlatforms) = postSolution
		{71b6256e-e59b-b738-b111-4865d13f0edc}.Debug|Any CPU.ActiveCfg = Debug|Any CPU
		{71b6256e-e59b-b738-b111-4865d13f0edc}.Debug|Any CPU.Build.0 = Debug|Any CPU
		{54ba0ab2-711e-51a5-49ce-8f4347b624c4}.Debug|Any CPU.ActiveCfg = Debug|Any CPU
		{54ba0ab2-711e-51a5-49ce-8f4347b624c4}.Debug|Any CPU.Build.0 = Debug|Any CPU
		{c175b25f-e68b-68ce-fa79-dfc369708c7b}.Debug|Any CPU.ActiveCfg = Debug|Any CPU
		{c175b25f-e68b-68ce-fa79-dfc369708c7b}.Debug|Any CPU.Build.0 = Debug|Any CPU
		{7d07b71b-5c18-a63f-9cfb-b5e6c3e2ccdd}.Debug|Any CPU.ActiveCfg = Debug|Any CPU
		{7d07b71b-5c18-a63f-9cfb-b5e6c3e2ccdd}.Debug|Any CPU.Build.0 = Debug|Any CPU
		{e8258814-5ba9-8da8-d300-56b9c54cd87d}.Debug|Any CPU.ActiveCfg = Debug|Any CPU
		{e8258814-5ba9-8da8-d300-56b9c54cd87d}.Debug|Any CPU.Build.0 = Debug|Any CPU
		{83a27dac-e2b2-0be9-3aaf-fe85ba5983e9}.Debug|Any CPU.ActiveCfg = Debug|Any CPU
		{83a27dac-e2b2-0be9-3aaf-fe85ba5983e9}.Debug|Any CPU.Build.0 = Debug|Any CPU
		{9e363e04-9e1b-70b9-fc16-3a486c4459dc}.Debug|Any CPU.ActiveCfg = Debug|Any CPU
		{9e363e04-9e1b-70b9-fc16-3a486c4459dc}.Debug|Any CPU.Build.0 = Debug|Any CPU
		{17121d03-701c-31bd-3dab-9119d7eba81e}.Debug|Any CPU.ActiveCfg = Debug|Any CPU
		{17121d03-701c-31bd-3dab-9119d7eba81e}.Debug|Any CPU.Build.0 = Debug|Any CPU
		{1a26be5b-5397-a904-bba5-eaab6648f7d4}.Debug|Any CPU.ActiveCfg = Debug|Any CPU
		{1a26be5b-5397-a904-bba5-eaab6648f7d4}.Debug|Any CPU.Build.0 = Debug|Any CPU
		{245f66ed-997f-e92f-94ce-da64c3cf399f}.Debug|Any CPU.ActiveCfg = Debug|Any CPU
		{245f66ed-997f-e92f-94ce-da64c3cf399f}.Debug|Any CPU.Build.0 = Debug|Any CPU
		{0f4697e2-34ac-0edf-79d8-d483b5f6923d}.Debug|Any CPU.ActiveCfg = Debug|Any CPU
		{0f4697e2-34ac-0edf-79d8-d483b5f6923d}.Debug|Any CPU.Build.0 = Debug|Any CPU
		{09fd2555-6246-eeff-24fe-e58dcfc13218}.Debug|Any CPU.ActiveCfg = Debug|Any CPU
		{09fd2555-6246-eeff-24fe-e58dcfc13218}.Debug|Any CPU.Build.0 = Debug|Any CPU
		{6aa01599-26f8-d0a1-91f5-f903a12bb8a9}.Debug|Any CPU.ActiveCfg = Debug|Any CPU
		{6aa01599-26f8-d0a1-91f5-f903a12bb8a9}.Debug|Any CPU.Build.0 = Debug|Any CPU
		{b9c1a231-332b-5b87-46b2-5b23af4f6f91}.Debug|Any CPU.ActiveCfg = Debug|Any CPU
		{b9c1a231-332b-5b87-46b2-5b23af4f6f91}.Debug|Any CPU.Build.0 = Debug|Any CPU
		{07e90c41-a787-dbcb-1f91-7c2b5aa7494d}.Debug|Any CPU.ActiveCfg = Debug|Any CPU
		{07e90c41-a787-dbcb-1f91-7c2b5aa7494d}.Debug|Any CPU.Build.0 = Debug|Any CPU
		{7284033d-480a-e2e9-0c75-d296da6fee20}.Debug|Any CPU.ActiveCfg = Debug|Any CPU
		{7284033d-480a-e2e9-0c75-d296da6fee20}.Debug|Any CPU.Build.0 = Debug|Any CPU
	EndGlobalSection
	GlobalSection(SolutionProperties) = preSolution
		HideSolutionNode = FALSE
	EndGlobalSection
EndGlobal
